{
  "version": "2",
  "remote": {
    "https://deno.land/std@0.160.0/_util/assert.ts": "e94f2eb37cebd7f199952e242c77654e43333c1ac4c5c700e929ea3aa5489f74",
    "https://deno.land/std@0.160.0/_util/os.ts": "8a33345f74990e627b9dfe2de9b040004b08ea5146c7c9e8fe9a29070d193934",
    "https://deno.land/std@0.160.0/async/abortable.ts": "87aa7230be8360c24ad437212311c9e8d4328854baec27b4c7abb26e85515c06",
    "https://deno.land/std@0.160.0/async/deadline.ts": "48ac998d7564969f3e6ec6b6f9bf0217ebd00239b1b2292feba61272d5dd58d0",
    "https://deno.land/std@0.160.0/async/debounce.ts": "dc8b92d4a4fe7eac32c924f2b8d3e62112530db70cadce27042689d82970b350",
    "https://deno.land/std@0.160.0/async/deferred.ts": "d8fb253ffde2a056e4889ef7e90f3928f28be9f9294b6505773d33f136aab4e6",
    "https://deno.land/std@0.160.0/async/delay.ts": "0419dfc993752849692d1f9647edf13407c7facc3509b099381be99ffbc9d699",
    "https://deno.land/std@0.160.0/async/mod.ts": "dd0a8ed4f3984ffabe2fcca7c9f466b7932d57b1864ffee148a5d5388316db6b",
    "https://deno.land/std@0.160.0/async/mux_async_iterator.ts": "3447b28a2a582224a3d4d3596bccbba6e85040da3b97ed64012f7decce98d093",
    "https://deno.land/std@0.160.0/async/pool.ts": "ef9eb97b388543acbf0ac32647121e4dbe629236899586c4d4311a8770fbb239",
    "https://deno.land/std@0.160.0/async/tee.ts": "9af3a3e7612af75861308b52249e167f5ebc3dcfc8a1a4d45462d96606ee2b70",
    "https://deno.land/std@0.160.0/bytes/bytes_list.ts": "aba5e2369e77d426b10af1de0dcc4531acecec27f9b9056f4f7bfbf8ac147ab4",
    "https://deno.land/std@0.160.0/bytes/equals.ts": "3c3558c3ae85526f84510aa2b48ab2ad7bdd899e2e0f5b7a8ffc85acb3a6043a",
    "https://deno.land/std@0.160.0/bytes/mod.ts": "b2e342fd3669176a27a4e15061e9d588b89c1aaf5008ab71766e23669565d179",
    "https://deno.land/std@0.160.0/crypto/_fnv/fnv32.ts": "aa9bddead8c6345087d3abd4ef35fb9655622afc333fc41fff382b36e64280b5",
    "https://deno.land/std@0.160.0/crypto/_fnv/fnv64.ts": "625d7e7505b6cb2e9801b5fd6ed0a89256bac12b2bbb3e4664b85a88b0ec5bef",
    "https://deno.land/std@0.160.0/crypto/_fnv/index.ts": "a8f6a361b4c6d54e5e89c16098f99b6962a1dd6ad1307dbc97fa1ecac5d7060a",
    "https://deno.land/std@0.160.0/crypto/_fnv/util.ts": "4848313bed7f00f55be3cb080aa0583fc007812ba965b03e4009665bde614ce3",
    "https://deno.land/std@0.160.0/crypto/_wasm_crypto/lib/deno_std_wasm_crypto.generated.mjs": "258b484c2da27578bec61c01d4b62c21f72268d928d03c968c4eb590cb3bd830",
    "https://deno.land/std@0.160.0/crypto/_wasm_crypto/mod.ts": "6c60d332716147ded0eece0861780678d51b560f533b27db2e15c64a4ef83665",
    "https://deno.land/std@0.160.0/crypto/keystack.ts": "e481eed28007395e554a435e880fee83a5c73b9259ed8a135a75e4b1e4f381f7",
    "https://deno.land/std@0.160.0/crypto/mod.ts": "fadedc013b4a86fda6305f1adc6d1c02225834d53cff5d95cc05f62b25127517",
    "https://deno.land/std@0.160.0/crypto/timing_safe_equal.ts": "82a29b737bc8932d75d7a20c404136089d5d23629e94ba14efa98a8cc066c73e",
    "https://deno.land/std@0.160.0/datetime/formatter.ts": "7c8e6d16a0950f400aef41b9f1eb9168249869776ec520265dfda785d746589e",
    "https://deno.land/std@0.160.0/datetime/mod.ts": "ea927ca96dfb28c7b9a5eed5bdc7ac46bb9db38038c4922631895cea342fea87",
    "https://deno.land/std@0.160.0/datetime/tokenizer.ts": "7381e28f6ab51cb504c7e132be31773d73ef2f3e1e50a812736962b9df1e8c47",
    "https://deno.land/std@0.160.0/encoding/base64.ts": "c57868ca7fa2fbe919f57f88a623ad34e3d970d675bdc1ff3a9d02bba7409db2",
    "https://deno.land/std@0.160.0/encoding/base64url.ts": "a5f82a9fa703bd85a5eb8e7c1296bc6529e601ebd9642cc2b5eaa6b38fa9e05a",
    "https://deno.land/std@0.160.0/encoding/hex.ts": "4cc5324417cbb4ac9b828453d35aed45b9cc29506fad658f1f138d981ae33795",
    "https://deno.land/std@0.160.0/fmt/colors.ts": "9e36a716611dcd2e4865adea9c4bec916b5c60caad4cdcdc630d4974e6bb8bd4",
    "https://deno.land/std@0.160.0/io/buffer.ts": "fae02290f52301c4e0188670e730cd902f9307fb732d79c4aa14ebdc82497289",
    "https://deno.land/std@0.160.0/io/types.d.ts": "107e1e64834c5ba917c783f446b407d33432c5d612c4b3430df64fc2b4ecf091",
    "https://deno.land/std@0.160.0/path/_constants.ts": "df1db3ffa6dd6d1252cc9617e5d72165cd2483df90e93833e13580687b6083c3",
    "https://deno.land/std@0.160.0/path/_interface.ts": "ee3b431a336b80cf445441109d089b70d87d5e248f4f90ff906820889ecf8d09",
    "https://deno.land/std@0.160.0/path/_util.ts": "d16be2a16e1204b65f9d0dfc54a9bc472cafe5f4a190b3c8471ec2016ccd1677",
    "https://deno.land/std@0.160.0/path/common.ts": "bee563630abd2d97f99d83c96c2fa0cca7cee103e8cb4e7699ec4d5db7bd2633",
    "https://deno.land/std@0.160.0/path/glob.ts": "cb5255638de1048973c3e69e420c77dc04f75755524cb3b2e160fe9277d939ee",
    "https://deno.land/std@0.160.0/path/mod.ts": "56fec03ad0ebd61b6ab39ddb9b0ddb4c4a5c9f2f4f632e09dd37ec9ebfd722ac",
    "https://deno.land/std@0.160.0/path/posix.ts": "6b63de7097e68c8663c84ccedc0fd977656eb134432d818ecd3a4e122638ac24",
    "https://deno.land/std@0.160.0/path/separator.ts": "fe1816cb765a8068afb3e8f13ad272351c85cbc739af56dacfc7d93d710fe0f9",
    "https://deno.land/std@0.160.0/path/win32.ts": "ee8826dce087d31c5c81cd414714e677eb68febc40308de87a2ce4b40e10fb8d",
    "https://deno.land/std@0.160.0/testing/_diff.ts": "a23e7fc2b4d8daa3e158fa06856bedf5334ce2a2831e8bf9e509717f455adb2c",
    "https://deno.land/std@0.160.0/testing/_format.ts": "cd11136e1797791045e639e9f0f4640d5b4166148796cad37e6ef75f7d7f3832",
    "https://deno.land/std@0.160.0/testing/asserts.ts": "1e340c589853e82e0807629ba31a43c84ebdcdeca910c4a9705715dfdb0f5ce8",
    "https://deno.land/std@0.175.0/_util/asserts.ts": "178dfc49a464aee693a7e285567b3d0b555dc805ff490505a8aae34f9cfb1462",
    "https://deno.land/std@0.175.0/_util/os.ts": "d932f56d41e4f6a6093d56044e29ce637f8dcc43c5a90af43504a889cf1775e3",
    "https://deno.land/std@0.175.0/bytes/index_of_needle.ts": "65c939607df609374c4415598fa4dad04a2f14c4d98cd15775216f0aaf597f24",
    "https://deno.land/std@0.175.0/crypto/_wasm/lib/deno_std_wasm_crypto.generated.mjs": "5dedb7f9aa05f0e18ed017691c58df5f4686e4cbbd70368c6f896e5cca03f2b4",
    "https://deno.land/std@0.175.0/crypto/_wasm/mod.ts": "e2df88236fc061eac7a89e8cb0b97843f5280b08b2a990e473b7397a3e566003",
    "https://deno.land/std@0.175.0/crypto/timing_safe_equal.ts": "8d69ab611c67fe51b6127d97fcfb4d8e7d0e1b6b4f3e0cc4ab86744c3691f965",
    "https://deno.land/std@0.175.0/encoding/base64.ts": "7de04c2f8aeeb41453b09b186480be90f2ff357613b988e99fabb91d2eeceba1",
    "https://deno.land/std@0.175.0/encoding/base64url.ts": "3f1178f6446834457b16bfde8b559c1cd3481727fe384d3385e4a9995dc2d851",
    "https://deno.land/std@0.175.0/encoding/hex.ts": "50f8c95b52eae24395d3dfcb5ec1ced37c5fe7610ef6fffdcc8b0fdc38e3b32f",
    "https://deno.land/std@0.175.0/flags/mod.ts": "d1cdefa18472ef69858a17df5cf7c98445ed27ac10e1460183081303b0ebc270",
    "https://deno.land/std@0.175.0/node/_core.ts": "32a72a2166688d0051db7771e76af823d87a19e84ed073604a0bf4fa2706403f",
    "https://deno.land/std@0.175.0/node/_crypto/crypto_browserify/asn1.js/base/buffer.js": "c9364c761681134015ec8ba6f33b39c067d6e5dd59860d55face8d5be8522744",
    "https://deno.land/std@0.175.0/node/_crypto/crypto_browserify/asn1.js/base/node.js": "8f7f23bfa300990bbd6db7e7395e9688b54a04e3eb2fab5cab9a9a72e26c525f",
    "https://deno.land/std@0.175.0/node/_crypto/crypto_browserify/asn1.js/base/reporter.js": "788aec7662991da549e5f7f3edbc3e3d6c6cecabc894b18d1a705b0f204e06c3",
    "https://deno.land/std@0.175.0/node/_crypto/crypto_browserify/asn1.js/constants/der.js": "57181db0519bb3864a6cdf4e7eb9bfeb1bf5f80605187fbe80e27083b473e367",
    "https://deno.land/std@0.175.0/node/_crypto/crypto_browserify/asn1.js/decoders/der.js": "fdc4de98c9b0b59db169a2b225895741e2ab34b00e14315ac2ff5e389d6db16e",
    "https://deno.land/std@0.175.0/node/_crypto/crypto_browserify/asn1.js/decoders/pem.js": "fd7f0072c193c82959fec0374f4fd3adf3f4ac38594fd404d66b3e8724107151",
    "https://deno.land/std@0.175.0/node/_crypto/crypto_browserify/asn1.js/encoders/der.js": "137bc4f8fe66b9950c743025e199789e25342f791e2d52353ceb016ad2854b42",
    "https://deno.land/std@0.175.0/node/_crypto/crypto_browserify/asn1.js/encoders/pem.js": "e43bc706973c4c27e1e2f96262daba3d38822cb10f5b494f6944c726ee655160",
    "https://deno.land/std@0.175.0/node/_crypto/crypto_browserify/asn1.js/mod.js": "1f88293688296be7a6c735bd8ea39425f5b274b94db1d6b7968dddfb54ac9d37",
    "https://deno.land/std@0.175.0/node/_crypto/crypto_browserify/bn.js/bn.js": "f3f3c1dae1aa55de9e6472af1d6bec5ccda4b4890ee5c52a90961137fe99564e",
    "https://deno.land/std@0.175.0/node/_crypto/crypto_browserify/browserify_aes/aes.js": "698e1ed386b7dff27b2d59fa1c75f506beceec96b78670a15a734e438c08f138",
    "https://deno.land/std@0.175.0/node/_crypto/crypto_browserify/browserify_aes/auth_cipher.js": "5c245b5685b066356a7c9529a3a441bf5f57823a6946ce1b0ef2e1af32bb76f4",
    "https://deno.land/std@0.175.0/node/_crypto/crypto_browserify/browserify_aes/decrypter.js": "39152b2b3409893b8548feeab7e5997ceb1595f31df0dedaf765708be8f025c0",
    "https://deno.land/std@0.175.0/node/_crypto/crypto_browserify/browserify_aes/encrypter.js": "f9cc703d5a7b5255999c1a3600fbf48ff564b65f827744877526803093ceebff",
    "https://deno.land/std@0.175.0/node/_crypto/crypto_browserify/browserify_aes/ghash.js": "759d80b760f44cd3a454b4f161fd03a7d6c359901446f0a907a6870cb66d6767",
    "https://deno.land/std@0.175.0/node/_crypto/crypto_browserify/browserify_aes/incr32.js": "2bdea27b74b3990ee56807a1a5abe335f118826beabeeb905459c8768094b28f",
    "https://deno.land/std@0.175.0/node/_crypto/crypto_browserify/browserify_aes/mod.js": "fe4affebbd210d885b2e5135c668751f9d10bc14aa0cc3905cbfff66f04b4c58",
    "https://deno.land/std@0.175.0/node/_crypto/crypto_browserify/browserify_aes/modes/cbc.js": "ff24b4506522a724ba7a03c1403ad8938aba45056f9fd47c7f0b4fcb3a640adf",
    "https://deno.land/std@0.175.0/node/_crypto/crypto_browserify/browserify_aes/modes/cfb.js": "643720a1db969b6bcc896c95523630838a8335513d02f340514fd524bb4113cb",
    "https://deno.land/std@0.175.0/node/_crypto/crypto_browserify/browserify_aes/modes/cfb1.js": "01c9a46aa3affd84a54ae33652fb0fa0ff7c862be2a459d9cb188cb8e2c4b11e",
    "https://deno.land/std@0.175.0/node/_crypto/crypto_browserify/browserify_aes/modes/cfb8.js": "97476cee25103e02a02b196d7fe6f28a9f0f9e47ee344687d7492bc7282a59f8",
    "https://deno.land/std@0.175.0/node/_crypto/crypto_browserify/browserify_aes/modes/ctr.js": "1e3835adb753cfe6761e4df8c43d190e31e1ca6a586fd582747c8255c82ed78d",
    "https://deno.land/std@0.175.0/node/_crypto/crypto_browserify/browserify_aes/modes/ecb.js": "79677b96d4af50c49f0a4f698e5c7e5a64f1d2926b799e0d2eac2cdd5ec7488c",
    "https://deno.land/std@0.175.0/node/_crypto/crypto_browserify/browserify_aes/modes/mod.js": "fe3db429b867a0a8066c64d7b33b840a1f24cad9174156384a763733f68cf518",
    "https://deno.land/std@0.175.0/node/_crypto/crypto_browserify/browserify_aes/modes/ofb.js": "3553308f98d078e2006eac39bb6d91818f8bb376b01d962ae98eabf6ee79ad4e",
    "https://deno.land/std@0.175.0/node/_crypto/crypto_browserify/browserify_aes/stream_cipher.js": "70f50f37ddec530ae95911ca2f286ebd2ddbd54d914ab0be461ec1dc3c61990f",
    "https://deno.land/std@0.175.0/node/_crypto/crypto_browserify/browserify_aes/xor.ts": "7132baacdb39ba82c3bfe325a60e68ca87469c0ed0cdd0508caf6f40bab852b8",
    "https://deno.land/std@0.175.0/node/_crypto/crypto_browserify/browserify_rsa.js": "96e0e4fee7c2cf75ef86d958c709bfc239297a080fd17ace5ea5ab699a1b6174",
    "https://deno.land/std@0.175.0/node/_crypto/crypto_browserify/cipher_base.js": "9ebc6ccc364cf7b23024821054d2e72a2d8da8d8a2a36cacdc5aa6cc6770ef93",
    "https://deno.land/std@0.175.0/node/_crypto/crypto_browserify/evp_bytes_to_key.ts": "7c4c27b6e321b2d7065a6703d90264921e9a805d91d9dfdb21103393228024e2",
    "https://deno.land/std@0.175.0/node/_crypto/crypto_browserify/parse_asn1/asn1.js": "7d99b6df508164169a33377346e8840d519fe2defccb362a023c92c5bd503433",
    "https://deno.land/std@0.175.0/node/_crypto/crypto_browserify/parse_asn1/certificate.js": "5795348417b3ec7aafa4854ba55f364e0148eadfdd29d1566c90e617237621bb",
    "https://deno.land/std@0.175.0/node/_crypto/crypto_browserify/parse_asn1/fix_proc.js": "858dd3e6ce264d75822cadc21bb55114f4e4867a706abde1663548aa2710fc1b",
    "https://deno.land/std@0.175.0/node/_crypto/crypto_browserify/parse_asn1/mod.js": "ea164fbd497ce3d710426742d4b72f71da8954c4ebaeb7eadc33316c5b0060f1",
    "https://deno.land/std@0.175.0/node/_crypto/crypto_browserify/public_encrypt/mgf.js": "dfac5008a550b3e7e6b851c4fb42e984aa9e7fae64707888f47f2aa0991c004d",
    "https://deno.land/std@0.175.0/node/_crypto/crypto_browserify/public_encrypt/mod.js": "0704326ff3ee2bb0764a964995d1aa62b1147b714ad5465e878ba4d57731e3db",
    "https://deno.land/std@0.175.0/node/_crypto/crypto_browserify/public_encrypt/private_decrypt.js": "8a1d11edb176d95d1e3bdf1aff5c3248a986bf9734d1a6b07508e29132d2f65c",
    "https://deno.land/std@0.175.0/node/_crypto/crypto_browserify/public_encrypt/public_encrypt.js": "f88b0e3c228d84096fdbc03e614e86bef86e56013cb9628b2425e31b3b142b2c",
    "https://deno.land/std@0.175.0/node/_crypto/crypto_browserify/public_encrypt/with_public.js": "752da754d253b5743d89c0f2432b6eb6f8815b80efd9ee588683e10a13d34400",
    "https://deno.land/std@0.175.0/node/_crypto/crypto_browserify/public_encrypt/xor.js": "087ebef8f6fcb8ca4c7216cc22de728d9a61ec27b9a036b900681ff25d6409af",
    "https://deno.land/std@0.175.0/node/_crypto/crypto_browserify/randombytes.ts": "23bde8be640e274d7bb88cf10d1da8bba252654252dc6a877fed86a77da5952c",
    "https://deno.land/std@0.175.0/node/_events.d.ts": "1347437fd6b084d7c9a4e16b9fe7435f00b030970086482edeeb3b179d0775af",
    "https://deno.land/std@0.175.0/node/_events.mjs": "d4ba4e629abe3db9f1b14659fd5c282b7da8b2b95eaf13238eee4ebb142a2448",
    "https://deno.land/std@0.175.0/node/_global.d.ts": "2d88342f38b4083b858998e27c706725fb03a74aa14ef8d985dc18438b5188e4",
    "https://deno.land/std@0.175.0/node/_next_tick.ts": "9a3cf107d59b019a355d3cf32275b4c6157282e4b68ea85b46a799cb1d379305",
    "https://deno.land/std@0.175.0/node/_process/exiting.ts": "6e336180aaabd1192bf99ffeb0d14b689116a3dec1dfb34a2afbacd6766e98ab",
    "https://deno.land/std@0.175.0/node/_process/process.ts": "c96bb1f6253824c372f4866ee006dcefda02b7050d46759736e403f862d91051",
    "https://deno.land/std@0.175.0/node/_process/stdio.mjs": "cf17727eac8da3a665851df700b5aca6a12bacc3ebbf33e63e4b919f80ba44a6",
    "https://deno.land/std@0.175.0/node/_stream.d.ts": "112e1a0677cd6db932c3ce0e6e5bbdc7a2ac1874572f449044ecc82afcf5ee2e",
    "https://deno.land/std@0.175.0/node/_stream.mjs": "d6e2c86c1158ac65b4c2ca4fa019d7e84374ff12e21e2175345fe68c0823efe3",
    "https://deno.land/std@0.175.0/node/_utils.ts": "7fd55872a0cf9275e3c080a60e2fa6d45b8de9e956ebcde9053e72a344185884",
    "https://deno.land/std@0.175.0/node/buffer.ts": "85617be2063eccaf177dbb84c7580d1e32023724ed14bd9df4e453b152a26167",
    "https://deno.land/std@0.175.0/node/crypto.ts": "2c94fa0f76e90190fbc34df891dc5c284bddb86c932fae8ac11747de3f75293c",
    "https://deno.land/std@0.175.0/node/events.ts": "d2de352d509de11a375e2cb397d6b98f5fed4e562fc1d41be33214903a38e6b0",
    "https://deno.land/std@0.175.0/node/internal/buffer.d.ts": "bdfa991cd88cb02fd08bf8235d2618550e3e511c970b2a8f2e1a6885a2793cac",
    "https://deno.land/std@0.175.0/node/internal/buffer.mjs": "e92303a3cc6d9aaabcd270a937ad9319825d9ba08cb332650944df4562029b27",
    "https://deno.land/std@0.175.0/node/internal/crypto/_keys.ts": "8f3c3b5a141aa0331a53c205e9338655f1b3b307a08085fd6ff6dda6f7c4190b",
    "https://deno.land/std@0.175.0/node/internal/crypto/_randomBytes.ts": "36dd164747f73b830ba86562abb160a8ac5bea34aaeb816a67f3005a00d41177",
    "https://deno.land/std@0.175.0/node/internal/crypto/_randomFill.ts": "297186f290eba87a1ad7b8aa42a960ff4278a8b6b0c963fa81918c326d5c0b58",
    "https://deno.land/std@0.175.0/node/internal/crypto/_randomInt.ts": "6cf19da9684b67520e67a2d99f2581a3f841140842c7ce2e014d166457550fe1",
    "https://deno.land/std@0.175.0/node/internal/crypto/certificate.ts": "b4a6695f82e70a42e85247c74a7691ed4b3a904646451af0287e49efe1a28814",
    "https://deno.land/std@0.175.0/node/internal/crypto/cipher.ts": "2bae9b4d94c465e4d1c70e5a9e8fd67ce20bcc66fecd2eec6be00d35144ca4eb",
    "https://deno.land/std@0.175.0/node/internal/crypto/constants.ts": "544d605703053218499b08214f2e25cf4310651d535b7ab995891c4b7a217693",
    "https://deno.land/std@0.175.0/node/internal/crypto/diffiehellman.ts": "9cfb219c5b2936db773f559b6affe6d25b0e40531010389f05df3f05ce7eebf5",
    "https://deno.land/std@0.175.0/node/internal/crypto/hash.ts": "d01f5d3ad5477655b432036d2d553c7a0c31a901ac0e1e9e0d8b3975daae7624",
    "https://deno.land/std@0.175.0/node/internal/crypto/hkdf.ts": "5bd801234e56468fbd47466f46e88bdadc66432d625e3616abe38878d410bb66",
    "https://deno.land/std@0.175.0/node/internal/crypto/keygen.ts": "530cc1a00acf71a43719bb876a2dc563b6196095d080eba77c92c9f39658a5b9",
    "https://deno.land/std@0.175.0/node/internal/crypto/keys.ts": "e51e1759e61c85851d5be2213782fc70bf697211f48896428f1da8a184771589",
    "https://deno.land/std@0.175.0/node/internal/crypto/pbkdf2.ts": "0a0a3e0d3d45db0638fe75a4199c7ed7ca2164405750a520e786e4adebdb45a4",
    "https://deno.land/std@0.175.0/node/internal/crypto/random.ts": "85f3147e14cb45c18e016da45d319a5c663309411232a956fdc09c2317acdd9f",
    "https://deno.land/std@0.175.0/node/internal/crypto/scrypt.ts": "b55a0fcd12b295af4127d05b1c0bc3098b74fc0e3c62321c2a43c20f9ed18209",
    "https://deno.land/std@0.175.0/node/internal/crypto/sig.ts": "25819a89d49c1ebfe3baa1f9464501ec599a36cf53e9b600ec0399e568b9dccc",
    "https://deno.land/std@0.175.0/node/internal/crypto/types.ts": "52feb182bcbd59206f3e2f4a3cb8a5775d4452c2a8045c3e613e2178d32c2a86",
    "https://deno.land/std@0.175.0/node/internal/crypto/util.ts": "db282c0413aeee28bc0665fcfc1c08a65fc96dc12ed4d03282f2da4907fcf0ce",
    "https://deno.land/std@0.175.0/node/internal/crypto/x509.ts": "0e8a541c4f58ecb83862c373d3f7d2371aa8f5108f55bc837b190c4ab3408764",
    "https://deno.land/std@0.175.0/node/internal/error_codes.ts": "8495e33f448a484518d76fa3d41d34fc20fe03c14b30130ad8e936b0035d4b8b",
    "https://deno.land/std@0.175.0/node/internal/errors.ts": "1c699b8a3cb93174f697a348c004b1c6d576b66688eac8a48ebb78e65c720aae",
    "https://deno.land/std@0.175.0/node/internal/fixed_queue.ts": "62bb119afa5b5ae8fc0c7048b50502347bec82e2588017d0b250c4671d6eff8f",
    "https://deno.land/std@0.175.0/node/internal/hide_stack_frames.ts": "9dd1bad0a6e62a1042ce3a51eb1b1ecee2f246907bff44835f86e8f021de679a",
    "https://deno.land/std@0.175.0/node/internal/normalize_encoding.mjs": "fd1d9df61c44d7196432f6e8244621468715131d18cc79cd299fc78ac549f707",
    "https://deno.land/std@0.175.0/node/internal/options.ts": "888f267c3fe8f18dc7b2f2fbdbe7e4a0fd3302ff3e99f5d6645601e924f3e3fb",
    "https://deno.land/std@0.175.0/node/internal/primordials.mjs": "a72d86b5aa55d3d50b8e916b6a59b7cc0dc5a31da8937114b4a113ad5aa08c74",
    "https://deno.land/std@0.175.0/node/internal/streams/destroy.mjs": "b665fc71178919a34ddeac8389d162a81b4bc693ff7dc2557fa41b3a91011967",
    "https://deno.land/std@0.175.0/node/internal/streams/end-of-stream.mjs": "a4fb1c2e32d58dff440d4e716e2c4daaa403b3095304a028bb428575cfeed716",
    "https://deno.land/std@0.175.0/node/internal/streams/utils.mjs": "f2fe2e6bdc506da24c758970890cc2a21642045b129dee618bd3827c60dd9e33",
    "https://deno.land/std@0.175.0/node/internal/streams/writable.mjs": "775928726d0483ace8e45a35f30db2019a22dd7b9a81b67b158420e21cc692c5",
    "https://deno.land/std@0.175.0/node/internal/util.mjs": "f7fe2e1ca5e66f550ad0856b9f5ee4d666f0c071fe212ea7fc7f37cfa81f97a5",
    "https://deno.land/std@0.175.0/node/internal/util/inspect.mjs": "11d7c9cab514b8e485acc3978c74b837263ff9c08ae4537fa18ad56bae633259",
    "https://deno.land/std@0.175.0/node/internal/util/types.ts": "4f3625ea39111eaae1443c834e769b0c5ce9ea33b31d5a853b02af6a78105178",
    "https://deno.land/std@0.175.0/node/internal/validators.mjs": "e02f2b02dd072a5d623970292588d541204dc82207b4c58985d933a5f4b382e6",
    "https://deno.land/std@0.175.0/node/internal_binding/_libuv_winerror.ts": "30c9569603d4b97a1f1a034d88a3f74800d5ea1f12fcc3d225c9899d4e1a518b",
    "https://deno.land/std@0.175.0/node/internal_binding/_node.ts": "cb2389b0eab121df99853eb6a5e3a684e4537e065fb8bf2cca0cbf219ce4e32e",
    "https://deno.land/std@0.175.0/node/internal_binding/_timingSafeEqual.ts": "7d9732464d3c669ff07713868ce5d25bc974a06112edbfb5f017fc3c70c0853e",
    "https://deno.land/std@0.175.0/node/internal_binding/_utils.ts": "7c58a2fbb031a204dee9583ba211cf9c67922112fe77e7f0b3226112469e9fe1",
    "https://deno.land/std@0.175.0/node/internal_binding/_winerror.ts": "3e8cfdfe22e89f13d2b28529bab35155e6b1730c0221ec5a6fc7077dc037be13",
    "https://deno.land/std@0.175.0/node/internal_binding/buffer.ts": "31729e0537921d6c730ad0afea44a7e8a0a1044d070ade8368226cb6f7390c8b",
    "https://deno.land/std@0.175.0/node/internal_binding/constants.ts": "21ff9d1ee71d0a2086541083a7711842fc6ae25e264dbf45c73815aadce06f4c",
    "https://deno.land/std@0.175.0/node/internal_binding/crypto.ts": "29e8f94f283a2e7d4229d3551369c6a40c2af9737fad948cb9be56bef6c468cd",
    "https://deno.land/std@0.175.0/node/internal_binding/node_options.ts": "0b5cb0bf4379a39278d7b7bb6bb2c2751baf428fe437abe5ed3e8441fae1f18b",
    "https://deno.land/std@0.175.0/node/internal_binding/string_decoder.ts": "54c3c1cbd5a9254881be58bf22637965dc69535483014dab60487e299cb95445",
    "https://deno.land/std@0.175.0/node/internal_binding/types.ts": "5a658bf08975af30d0fad6fa6247274379be26ba3f023425bec03e61c74083ef",
    "https://deno.land/std@0.175.0/node/internal_binding/util.ts": "808ff3b92740284184ab824adfc420e75398c88c8bccf5111f0c24ac18c48f10",
    "https://deno.land/std@0.175.0/node/internal_binding/uv.ts": "eb0048e30af4db407fb3f95563e30d70efd6187051c033713b0a5b768593a3a3",
    "https://deno.land/std@0.175.0/node/stream.ts": "09e348302af40dcc7dc58aa5e40fdff868d11d8d6b0cfb85cbb9c75b9fe450c7",
    "https://deno.land/std@0.175.0/node/string_decoder.ts": "1a17e3572037c512cc5fc4b29076613e90f225474362d18da908cb7e5ccb7e88",
    "https://deno.land/std@0.176.0/async/abortable.ts": "73acfb3ed7261ce0d930dbe89e43db8d34e017b063cf0eaa7d215477bf53442e",
    "https://deno.land/std@0.176.0/async/deadline.ts": "b98e50d2c42399af03ad13bbb8cf59dadb9f0cd5d70648cc0c3b9202d75ab565",
    "https://deno.land/std@0.176.0/async/debounce.ts": "adab11d04ca38d699444ac8a9d9856b4155e8dda2afd07ce78276c01ea5a4332",
    "https://deno.land/std@0.176.0/async/deferred.ts": "42790112f36a75a57db4a96d33974a936deb7b04d25c6084a9fa8a49f135def8",
    "https://deno.land/std@0.176.0/async/delay.ts": "73aa04cec034c84fc748c7be49bb15cac3dd43a57174bfdb7a4aec22c248f0dd",
    "https://deno.land/std@0.176.0/async/mod.ts": "f04344fa21738e5ad6bea37a6bfffd57c617c2d372bb9f9dcfd118a1b622e576",
    "https://deno.land/std@0.176.0/async/mux_async_iterator.ts": "70c7f2ee4e9466161350473ad61cac0b9f115cff4c552eaa7ef9d50c4cbb4cc9",
    "https://deno.land/std@0.176.0/async/pool.ts": "fd082bd4aaf26445909889435a5c74334c017847842ec035739b4ae637ae8260",
    "https://deno.land/std@0.176.0/async/retry.ts": "5efa3ba450ac0c07a40a82e2df296287b5013755d232049efd7ea2244f15b20f",
    "https://deno.land/std@0.176.0/async/tee.ts": "47e42d35f622650b02234d43803d0383a89eb4387e1b83b5a40106d18ae36757",
    "https://deno.land/std@0.176.0/http/server.ts": "cbb17b594651215ba95c01a395700684e569c165a567e4e04bba327f41197433",
    "https://deno.land/std@0.177.0/encoding/hex.ts": "50f8c95b52eae24395d3dfcb5ec1ced37c5fe7610ef6fffdcc8b0fdc38e3b32f",
    "https://deno.land/x/postgres@v0.17.0/client.ts": "348779c9f6a1c75ef1336db662faf08dce7d2101ff72f0d1e341ba1505c8431d",
    "https://deno.land/x/postgres@v0.17.0/client/error.ts": "0817583b666fd546664ed52c1d37beccc5a9eebcc6e3c2ead20ada99b681e5f7",
    "https://deno.land/x/postgres@v0.17.0/connection/auth.ts": "1070125e2ac4ca4ade36d69a4222d37001903092826d313217987583edd61ce9",
    "https://deno.land/x/postgres@v0.17.0/connection/connection.ts": "428ed3efa055870db505092b5d3545ef743497b7b4b72cf8f0593e7dd4788acd",
    "https://deno.land/x/postgres@v0.17.0/connection/connection_params.ts": "52bfe90e8860f584b95b1b08c254dde97c3aa763c4b6bee0c80c5930e35459e0",
    "https://deno.land/x/postgres@v0.17.0/connection/message.ts": "f9257948b7f87d58bfbfe3fc6e2e08f0de3ef885655904d56a5f73655cc22c5a",
    "https://deno.land/x/postgres@v0.17.0/connection/message_code.ts": "466719008b298770c366c5c63f6cf8285b7f76514dadb4b11e7d9756a8a1ddbf",
    "https://deno.land/x/postgres@v0.17.0/connection/packet.ts": "050aeff1fc13c9349e89451a155ffcd0b1343dc313a51f84439e3e45f64b56c8",
    "https://deno.land/x/postgres@v0.17.0/connection/scram.ts": "0c7a2551fe7b1a1c62dd856b7714731a7e7534ccca10093336782d1bfc5b2bd2",
    "https://deno.land/x/postgres@v0.17.0/deps.ts": "f47ccb41f7f97eaad455d94f407ef97146ae99443dbe782894422c869fbba69e",
    "https://deno.land/x/postgres@v0.17.0/mod.ts": "a1e18fd9e6fedc8bc24e5aeec3ae6de45e2274be1411fb66e9081420c5e81d7d",
    "https://deno.land/x/postgres@v0.17.0/pool.ts": "892db7b5e1787988babecc994a151ebbd7d017f080905cbe9c3d7b44a73032a9",
    "https://deno.land/x/postgres@v0.17.0/query/array_parser.ts": "f8a229d82c3801de8266fa2cc4afe12e94fef8d0c479e73655c86ed3667ef33f",
    "https://deno.land/x/postgres@v0.17.0/query/decode.ts": "44a4a6cbcf494ed91a4fecae38a57dce63a7b519166f02c702791d9717371419",
    "https://deno.land/x/postgres@v0.17.0/query/decoders.ts": "16cb0e60227d86692931e315421b15768c78526e3aeb84e25fcc4111096de9fd",
    "https://deno.land/x/postgres@v0.17.0/query/encode.ts": "5f1418a2932b7c2231556e4a5f5f56efef48728014070cfafe7656963f342933",
    "https://deno.land/x/postgres@v0.17.0/query/oid.ts": "8c33e1325f34e4ca9f11a48b8066c8cfcace5f64bc1eb17ad7247af4936999e1",
    "https://deno.land/x/postgres@v0.17.0/query/query.ts": "edb473cbcfeff2ee1c631272afb25d079d06b66b5853f42492725b03ffa742b6",
    "https://deno.land/x/postgres@v0.17.0/query/transaction.ts": "8e75c3ce0aca97da7fe126e68f8e6c08d640e5c8d2016e62cee5c254bebe7fe8",
    "https://deno.land/x/postgres@v0.17.0/query/types.ts": "a6dc8024867fe7ccb0ba4b4fa403ee5d474c7742174128c8e689c3b5e5eaa933",
    "https://deno.land/x/postgres@v0.17.0/utils/deferred.ts": "dd94f2a57355355c47812b061a51b55263f72d24e9cb3fdb474c7519f4d61083",
    "https://deno.land/x/postgres@v0.17.0/utils/utils.ts": "19c3527ddd5c6c4c49ae36397120274c7f41f9d3cbf479cb36065d23329e9f90",
    "https://esm.sh/@noble/secp256k1@1.7.1": "7c158317a7376d5167d892aea43b69776c6d183fcd6a71dc38739930388f0042",
    "https://esm.sh/v106/@noble/secp256k1@1.7.1/deno/secp256k1.js": "eede3e1885468a1af3226cffcfad6c7ce243fc8b7370d6d2404e88341619bbab",
    "https://esm.sh/v106/@noble/secp256k1@1.7.1/lib/index.d.ts": "193f3eeb12d0c70404fddd0d6c6d395a6721320284d0d4d39e0538e47ac6931e"
  }
}